
Microsoft Visual Studio Solution File, Format Version 12.00
# Visual Studio Version 17
VisualStudioVersion = 17.1.32228.430
MinimumVisualStudioVersion = 10.0.40219.1
Project("{8BC9CEB8-8B4A-11D0-8D11-00A0C91BC942}") = "TrainingFramework", "TrainingFramework\TrainingFramework.vcxproj", "{FC024EC8-32F4-4657-A2CB-14D2B3A931F8}"
EndProject
Project("{8BC9CEB8-8B4A-11D0-8D11-00A0C91BC942}") = "Utilities", "Utilities\Utilities.vcxproj", "{0D44529E-F7DD-4454-8EAD-9AFD857F53B4}"
EndProject
Project("{8BC9CEB8-8B4A-11D0-8D11-00A0C91BC942}") = "freetype", "freetype\builds\windows\vc2019\freetype.vcxproj", "{78B079BD-9FC7-4B9E-B4A6-96DA0F00248B}"
EndProject
Project("{2150E333-8FDC-42A3-9474-1A3956D46DE8}") = "Solution Items", "Solution Items", "{A47B16FF-1F00-465C-81D9-4869436EFB4C}"
	ProjectSection(SolutionItems) = preProject
		.gitignore = .gitignore
	EndProjectSection
EndProject
Project("{8BC9CEB8-8B4A-11D0-8D11-00A0C91BC942}") = "box2d", "box2d\box2d\box2d.vcxproj", "{BD75C742-B5BF-4E1A-BCA6-83232A3688EC}"
EndProject
Global
	GlobalSection(SolutionConfigurationPlatforms) = preSolution
		Debug|Win32 = Debug|Win32
		Debug|x64 = Debug|x64
		Debug-AMD|Win32 = Debug-AMD|Win32
		Debug-AMD|x64 = Debug-AMD|x64
		Debug-Angle|Win32 = Debug-Angle|Win32
		Debug-Angle|x64 = Debug-Angle|x64
		Debug-Nvidia|Win32 = Debug-Nvidia|Win32
		Debug-Nvidia|x64 = Debug-Nvidia|x64
		Release|Win32 = Release|Win32
		Release|x64 = Release|x64
		Release-AMD|Win32 = Release-AMD|Win32
		Release-AMD|x64 = Release-AMD|x64
		Release-Angle|Win32 = Release-Angle|Win32
		Release-Angle|x64 = Release-Angle|x64
		Release-Nvidia|Win32 = Release-Nvidia|Win32
		Release-Nvidia|x64 = Release-Nvidia|x64
	EndGlobalSection
	GlobalSection(ProjectConfigurationPlatforms) = postSolution
		{FC024EC8-32F4-4657-A2CB-14D2B3A931F8}.Debug|Win32.ActiveCfg = Debug-ATI|Win32
		{FC024EC8-32F4-4657-A2CB-14D2B3A931F8}.Debug|Win32.Build.0 = Debug-ATI|Win32
		{FC024EC8-32F4-4657-A2CB-14D2B3A931F8}.Debug|x64.ActiveCfg = Debug-ATI|Win32
		{FC024EC8-32F4-4657-A2CB-14D2B3A931F8}.Debug|x64.Build.0 = Debug-ATI|Win32
		{FC024EC8-32F4-4657-A2CB-14D2B3A931F8}.Debug-AMD|Win32.ActiveCfg = Debug-AMD|Win32
		{FC024EC8-32F4-4657-A2CB-14D2B3A931F8}.Debug-AMD|Win32.Build.0 = Debug-AMD|Win32
		{FC024EC8-32F4-4657-A2CB-14D2B3A931F8}.Debug-AMD|x64.ActiveCfg = Debug-AMD|Win32
		{FC024EC8-32F4-4657-A2CB-14D2B3A931F8}.Debug-AMD|x64.Build.0 = Debug-AMD|Win32
		{FC024EC8-32F4-4657-A2CB-14D2B3A931F8}.Debug-Angle|Win32.ActiveCfg = Debug-Angle|Win32
		{FC024EC8-32F4-4657-A2CB-14D2B3A931F8}.Debug-Angle|Win32.Build.0 = Debug-Angle|Win32
		{FC024EC8-32F4-4657-A2CB-14D2B3A931F8}.Debug-Angle|x64.ActiveCfg = Debug-Angle|Win32
		{FC024EC8-32F4-4657-A2CB-14D2B3A931F8}.Debug-Angle|x64.Build.0 = Debug-Angle|Win32
		{FC024EC8-32F4-4657-A2CB-14D2B3A931F8}.Debug-Nvidia|Win32.ActiveCfg = Debug-Nvidia|Win32
		{FC024EC8-32F4-4657-A2CB-14D2B3A931F8}.Debug-Nvidia|Win32.Build.0 = Debug-Nvidia|Win32
		{FC024EC8-32F4-4657-A2CB-14D2B3A931F8}.Debug-Nvidia|x64.ActiveCfg = Debug-Nvidia|Win32
		{FC024EC8-32F4-4657-A2CB-14D2B3A931F8}.Debug-Nvidia|x64.Build.0 = Debug-Nvidia|Win32
		{FC024EC8-32F4-4657-A2CB-14D2B3A931F8}.Release|Win32.ActiveCfg = Release-ATI|Win32
		{FC024EC8-32F4-4657-A2CB-14D2B3A931F8}.Release|Win32.Build.0 = Release-ATI|Win32
		{FC024EC8-32F4-4657-A2CB-14D2B3A931F8}.Release|x64.ActiveCfg = Debug-ATI|Win32
		{FC024EC8-32F4-4657-A2CB-14D2B3A931F8}.Release|x64.Build.0 = Debug-ATI|Win32
		{FC024EC8-32F4-4657-A2CB-14D2B3A931F8}.Release-AMD|Win32.ActiveCfg = Release-AMD|Win32
		{FC024EC8-32F4-4657-A2CB-14D2B3A931F8}.Release-AMD|Win32.Build.0 = Release-AMD|Win32
		{FC024EC8-32F4-4657-A2CB-14D2B3A931F8}.Release-AMD|x64.ActiveCfg = Release-AMD|Win32
		{FC024EC8-32F4-4657-A2CB-14D2B3A931F8}.Release-AMD|x64.Build.0 = Release-AMD|Win32
		{FC024EC8-32F4-4657-A2CB-14D2B3A931F8}.Release-Angle|Win32.ActiveCfg = Release-Angle|Win32
		{FC024EC8-32F4-4657-A2CB-14D2B3A931F8}.Release-Angle|Win32.Build.0 = Release-Angle|Win32
		{FC024EC8-32F4-4657-A2CB-14D2B3A931F8}.Release-Angle|x64.ActiveCfg = Release-Angle|Win32
		{FC024EC8-32F4-4657-A2CB-14D2B3A931F8}.Release-Angle|x64.Build.0 = Release-Angle|Win32
		{FC024EC8-32F4-4657-A2CB-14D2B3A931F8}.Release-Nvidia|Win32.ActiveCfg = Release-Nvidia|Win32
		{FC024EC8-32F4-4657-A2CB-14D2B3A931F8}.Release-Nvidia|Win32.Build.0 = Release-Nvidia|Win32
		{FC024EC8-32F4-4657-A2CB-14D2B3A931F8}.Release-Nvidia|x64.ActiveCfg = Release-Nvidia|Win32
		{FC024EC8-32F4-4657-A2CB-14D2B3A931F8}.Release-Nvidia|x64.Build.0 = Release-Nvidia|Win32
		{0D44529E-F7DD-4454-8EAD-9AFD857F53B4}.Debug|Win32.ActiveCfg = Debug-ATI|Win32
		{0D44529E-F7DD-4454-8EAD-9AFD857F53B4}.Debug|Win32.Build.0 = Debug-ATI|Win32
		{0D44529E-F7DD-4454-8EAD-9AFD857F53B4}.Debug|x64.ActiveCfg = Debug-ATI|Win32
		{0D44529E-F7DD-4454-8EAD-9AFD857F53B4}.Debug|x64.Build.0 = Debug-ATI|Win32
		{0D44529E-F7DD-4454-8EAD-9AFD857F53B4}.Debug-AMD|Win32.ActiveCfg = Debug-AMD|Win32
		{0D44529E-F7DD-4454-8EAD-9AFD857F53B4}.Debug-AMD|Win32.Build.0 = Debug-AMD|Win32
		{0D44529E-F7DD-4454-8EAD-9AFD857F53B4}.Debug-AMD|x64.ActiveCfg = Debug-AMD|Win32
		{0D44529E-F7DD-4454-8EAD-9AFD857F53B4}.Debug-AMD|x64.Build.0 = Debug-AMD|Win32
		{0D44529E-F7DD-4454-8EAD-9AFD857F53B4}.Debug-Angle|Win32.ActiveCfg = Debug-Angle|Win32
		{0D44529E-F7DD-4454-8EAD-9AFD857F53B4}.Debug-Angle|Win32.Build.0 = Debug-Angle|Win32
		{0D44529E-F7DD-4454-8EAD-9AFD857F53B4}.Debug-Angle|x64.ActiveCfg = Debug-Angle|Win32
		{0D44529E-F7DD-4454-8EAD-9AFD857F53B4}.Debug-Angle|x64.Build.0 = Debug-Angle|Win32
		{0D44529E-F7DD-4454-8EAD-9AFD857F53B4}.Debug-Nvidia|Win32.ActiveCfg = Debug-Nvidia|Win32
		{0D44529E-F7DD-4454-8EAD-9AFD857F53B4}.Debug-Nvidia|Win32.Build.0 = Debug-Nvidia|Win32
		{0D44529E-F7DD-4454-8EAD-9AFD857F53B4}.Debug-Nvidia|x64.ActiveCfg = Debug-Nvidia|Win32
		{0D44529E-F7DD-4454-8EAD-9AFD857F53B4}.Debug-Nvidia|x64.Build.0 = Debug-Nvidia|Win32
		{0D44529E-F7DD-4454-8EAD-9AFD857F53B4}.Release|Win32.ActiveCfg = Release-ATI|Win32
		{0D44529E-F7DD-4454-8EAD-9AFD857F53B4}.Release|Win32.Build.0 = Release-ATI|Win32
		{0D44529E-F7DD-4454-8EAD-9AFD857F53B4}.Release|x64.ActiveCfg = Debug-ATI|Win32
		{0D44529E-F7DD-4454-8EAD-9AFD857F53B4}.Release|x64.Build.0 = Debug-ATI|Win32
		{0D44529E-F7DD-4454-8EAD-9AFD857F53B4}.Release-AMD|Win32.ActiveCfg = Release-AMD|Win32
		{0D44529E-F7DD-4454-8EAD-9AFD857F53B4}.Release-AMD|Win32.Build.0 = Release-AMD|Win32
		{0D44529E-F7DD-4454-8EAD-9AFD857F53B4}.Release-AMD|x64.ActiveCfg = Release-AMD|Win32
		{0D44529E-F7DD-4454-8EAD-9AFD857F53B4}.Release-AMD|x64.Build.0 = Release-AMD|Win32
		{0D44529E-F7DD-4454-8EAD-9AFD857F53B4}.Release-Angle|Win32.ActiveCfg = Release-Angle|Win32
		{0D44529E-F7DD-4454-8EAD-9AFD857F53B4}.Release-Angle|Win32.Build.0 = Release-Angle|Win32
		{0D44529E-F7DD-4454-8EAD-9AFD857F53B4}.Release-Angle|x64.ActiveCfg = Release-Angle|Win32
		{0D44529E-F7DD-4454-8EAD-9AFD857F53B4}.Release-Angle|x64.Build.0 = Release-Angle|Win32
		{0D44529E-F7DD-4454-8EAD-9AFD857F53B4}.Release-Nvidia|Win32.ActiveCfg = Release-Nvidia|Win32
		{0D44529E-F7DD-4454-8EAD-9AFD857F53B4}.Release-Nvidia|Win32.Build.0 = Release-Nvidia|Win32
		{0D44529E-F7DD-4454-8EAD-9AFD857F53B4}.Release-Nvidia|x64.ActiveCfg = Release-Nvidia|Win32
		{0D44529E-F7DD-4454-8EAD-9AFD857F53B4}.Release-Nvidia|x64.Build.0 = Release-Nvidia|Win32
		{78B079BD-9FC7-4B9E-B4A6-96DA0F00248B}.Debug|Win32.ActiveCfg = Debug|Win32
		{78B079BD-9FC7-4B9E-B4A6-96DA0F00248B}.Debug|Win32.Build.0 = Debug|Win32
		{78B079BD-9FC7-4B9E-B4A6-96DA0F00248B}.Debug|x64.ActiveCfg = Debug|x64
		{78B079BD-9FC7-4B9E-B4A6-96DA0F00248B}.Debug|x64.Build.0 = Debug|x64
		{78B079BD-9FC7-4B9E-B4A6-96DA0F00248B}.Debug-AMD|Win32.ActiveCfg = Debug|Win32
		{78B079BD-9FC7-4B9E-B4A6-96DA0F00248B}.Debug-AMD|Win32.Build.0 = Debug|Win32
		{78B079BD-9FC7-4B9E-B4A6-96DA0F00248B}.Debug-AMD|x64.ActiveCfg = Debug|x64
		{78B079BD-9FC7-4B9E-B4A6-96DA0F00248B}.Debug-AMD|x64.Build.0 = Debug|x64
		{78B079BD-9FC7-4B9E-B4A6-96DA0F00248B}.Debug-Angle|Win32.ActiveCfg = Debug|Win32
		{78B079BD-9FC7-4B9E-B4A6-96DA0F00248B}.Debug-Angle|Win32.Build.0 = Debug|Win32
		{78B079BD-9FC7-4B9E-B4A6-96DA0F00248B}.Debug-Angle|x64.ActiveCfg = Debug|x64
		{78B079BD-9FC7-4B9E-B4A6-96DA0F00248B}.Debug-Angle|x64.Build.0 = Debug|x64
		{78B079BD-9FC7-4B9E-B4A6-96DA0F00248B}.Debug-Nvidia|Win32.ActiveCfg = Debug|Win32
		{78B079BD-9FC7-4B9E-B4A6-96DA0F00248B}.Debug-Nvidia|Win32.Build.0 = Debug|Win32
		{78B079BD-9FC7-4B9E-B4A6-96DA0F00248B}.Debug-Nvidia|x64.ActiveCfg = Debug|x64
		{78B079BD-9FC7-4B9E-B4A6-96DA0F00248B}.Debug-Nvidia|x64.Build.0 = Debug|x64
		{78B079BD-9FC7-4B9E-B4A6-96DA0F00248B}.Release|Win32.ActiveCfg = Release|Win32
		{78B079BD-9FC7-4B9E-B4A6-96DA0F00248B}.Release|Win32.Build.0 = Release|Win32
		{78B079BD-9FC7-4B9E-B4A6-96DA0F00248B}.Release|x64.ActiveCfg = Release|x64
		{78B079BD-9FC7-4B9E-B4A6-96DA0F00248B}.Release|x64.Build.0 = Release|x64
		{78B079BD-9FC7-4B9E-B4A6-96DA0F00248B}.Release-AMD|Win32.ActiveCfg = Release|Win32
		{78B079BD-9FC7-4B9E-B4A6-96DA0F00248B}.Release-AMD|Win32.Build.0 = Release|Win32
		{78B079BD-9FC7-4B9E-B4A6-96DA0F00248B}.Release-AMD|x64.ActiveCfg = Release-AMD|x64
		{78B079BD-9FC7-4B9E-B4A6-96DA0F00248B}.Release-AMD|x64.Build.0 = Release-AMD|x64
		{78B079BD-9FC7-4B9E-B4A6-96DA0F00248B}.Release-Angle|Win32.ActiveCfg = Release|Win32
		{78B079BD-9FC7-4B9E-B4A6-96DA0F00248B}.Release-Angle|Win32.Build.0 = Release|Win32
		{78B079BD-9FC7-4B9E-B4A6-96DA0F00248B}.Release-Angle|x64.ActiveCfg = Release-Angle|x64
		{78B079BD-9FC7-4B9E-B4A6-96DA0F00248B}.Release-Angle|x64.Build.0 = Release-Angle|x64
		{78B079BD-9FC7-4B9E-B4A6-96DA0F00248B}.Release-Nvidia|Win32.ActiveCfg = Release|Win32
		{78B079BD-9FC7-4B9E-B4A6-96DA0F00248B}.Release-Nvidia|Win32.Build.0 = Release|Win32
		{78B079BD-9FC7-4B9E-B4A6-96DA0F00248B}.Release-Nvidia|x64.ActiveCfg = Release-AMD|x64
		{78B079BD-9FC7-4B9E-B4A6-96DA0F00248B}.Release-Nvidia|x64.Build.0 = Release-AMD|x64
		{BD75C742-B5BF-4E1A-BCA6-83232A3688EC}.Debug|Win32.ActiveCfg = Debug|Win32
		{BD75C742-B5BF-4E1A-BCA6-83232A3688EC}.Debug|Win32.Build.0 = Debug|Win32
		{BD75C742-B5BF-4E1A-BCA6-83232A3688EC}.Debug|x64.ActiveCfg = Debug|x64
		{BD75C742-B5BF-4E1A-BCA6-83232A3688EC}.Debug|x64.Build.0 = Debug|x64
		{BD75C742-B5BF-4E1A-BCA6-83232A3688EC}.Debug-AMD|Win32.ActiveCfg = Debug|Win32
		{BD75C742-B5BF-4E1A-BCA6-83232A3688EC}.Debug-AMD|Win32.Build.0 = Debug|Win32
		{BD75C742-B5BF-4E1A-BCA6-83232A3688EC}.Debug-AMD|x64.ActiveCfg = Debug|x64
		{BD75C742-B5BF-4E1A-BCA6-83232A3688EC}.Debug-AMD|x64.Build.0 = Debug|x64
		{BD75C742-B5BF-4E1A-BCA6-83232A3688EC}.Debug-Angle|Win32.ActiveCfg = Debug|Win32
		{BD75C742-B5BF-4E1A-BCA6-83232A3688EC}.Debug-Angle|Win32.Build.0 = Debug|Win32
		{BD75C742-B5BF-4E1A-BCA6-83232A3688EC}.Debug-Angle|x64.ActiveCfg = Debug|x64
		{BD75C742-B5BF-4E1A-BCA6-83232A3688EC}.Debug-Angle|x64.Build.0 = Debug|x64
		{BD75C742-B5BF-4E1A-BCA6-83232A3688EC}.Debug-Nvidia|Win32.ActiveCfg = Debug|Win32
		{BD75C742-B5BF-4E1A-BCA6-83232A3688EC}.Debug-Nvidia|Win32.Build.0 = Debug|Win32
		{BD75C742-B5BF-4E1A-BCA6-83232A3688EC}.Debug-Nvidia|x64.ActiveCfg = Debug|x64
		{BD75C742-B5BF-4E1A-BCA6-83232A3688EC}.Debug-Nvidia|x64.Build.0 = Debug|x64
		{BD75C742-B5BF-4E1A-BCA6-83232A3688EC}.Release|Win32.ActiveCfg = Release|Win32
		{BD75C742-B5BF-4E1A-BCA6-83232A3688EC}.Release|Win32.Build.0 = Release|Win32
		{BD75C742-B5BF-4E1A-BCA6-83232A3688EC}.Release|x64.ActiveCfg = Release|x64
		{BD75C742-B5BF-4E1A-BCA6-83232A3688EC}.Release|x64.Build.0 = Release|x64
		{BD75C742-B5BF-4E1A-BCA6-83232A3688EC}.Release-AMD|Win32.ActiveCfg = Release|Win32
		{BD75C742-B5BF-4E1A-BCA6-83232A3688EC}.Release-AMD|Win32.Build.0 = Release|Win32
		{BD75C742-B5BF-4E1A-BCA6-83232A3688EC}.Release-AMD|x64.ActiveCfg = Release|x64
		{BD75C742-B5BF-4E1A-BCA6-83232A3688EC}.Release-AMD|x64.Build.0 = Release|x64
		{BD75C742-B5BF-4E1A-BCA6-83232A3688EC}.Release-Angle|Win32.ActiveCfg = Release|Win32
		{BD75C742-B5BF-4E1A-BCA6-83232A3688EC}.Release-Angle|Win32.Build.0 = Release|Win32
		{BD75C742-B5BF-4E1A-BCA6-83232A3688EC}.Release-Angle|x64.ActiveCfg = Release|x64
		{BD75C742-B5BF-4E1A-BCA6-83232A3688EC}.Release-Angle|x64.Build.0 = Release|x64
		{BD75C742-B5BF-4E1A-BCA6-83232A3688EC}.Release-Nvidia|Win32.ActiveCfg = Release|Win32
		{BD75C742-B5BF-4E1A-BCA6-83232A3688EC}.Release-Nvidia|Win32.Build.0 = Release|Win32
		{BD75C742-B5BF-4E1A-BCA6-83232A3688EC}.Release-Nvidia|x64.ActiveCfg = Release|x64
		{BD75C742-B5BF-4E1A-BCA6-83232A3688EC}.Release-Nvidia|x64.Build.0 = Release|x64
	EndGlobalSection
	GlobalSection(SolutionProperties) = preSolution
		HideSolutionNode = FALSE
	EndGlobalSection
	GlobalSection(ExtensibilityGlobals) = postSolution
		SolutionGuid = {9E2711CD-C223-4C09-A5F5-EF555D7F28B0}
	EndGlobalSection
EndGlobal
