<?xml version="1.0" encoding="utf-8"?>
<Project ToolsVersion="4.0" xmlns="http://schemas.microsoft.com/developer/msbuild/2003">
  <ItemGroup>
    <Filter Include="TrainingFramework\src">
      <UniqueIdentifier>{8a7743df-99d6-42d7-8300-83c77d25c345}</UniqueIdentifier>
    </Filter>
    <Filter Include="TrainingFramework">
      <UniqueIdentifier>{b7c91549-da04-4eee-96da-520fa8f75a57}</UniqueIdentifier>
    </Filter>
    <Filter Include="TrainingFramework\src\GameObject">
      <UniqueIdentifier>{486a991c-381d-4836-b7f7-6a9b4c66f5d8}</UniqueIdentifier>
    </Filter>
    <Filter Include="TrainingFramework\src\GameManager">
      <UniqueIdentifier>{7027cc7e-3941-43d3-9fd3-7009a76c222b}</UniqueIdentifier>
    </Filter>
    <Filter Include="TrainingFramework\src\World">
      <UniqueIdentifier>{73e3daea-e13f-44e2-a9c3-59b6e5bf9666}</UniqueIdentifier>
    </Filter>
    <Filter Include="TrainingFramework\src\GameScenes">
      <UniqueIdentifier>{0202c33c-5e35-4f4e-a2bb-ebbe246504c6}</UniqueIdentifier>
    </Filter>
    <Filter Include="TrainingFramework\src\World\Maze">
      <UniqueIdentifier>{507d7db0-8d07-4737-896b-c15b051c7e58}</UniqueIdentifier>
    </Filter>
    <Filter Include="TrainingFramework\src\World\Player">
      <UniqueIdentifier>{be14ba30-ff92-41d2-9b9f-1eeac22c45d8}</UniqueIdentifier>
    </Filter>
  </ItemGroup>
  <ItemGroup>
    <ClCompile Include="src\Application.cpp">
      <Filter>TrainingFramework\src</Filter>
    </ClCompile>
    <ClCompile Include="src\TrainingFramework.cpp">
      <Filter>TrainingFramework\src</Filter>
    </ClCompile>
    <ClCompile Include="src\GameObject\Sprite2D.cpp">
      <Filter>TrainingFramework\src\GameObject</Filter>
    </ClCompile>
    <ClCompile Include="src\GameObject\Camera.cpp">
      <Filter>TrainingFramework\src\GameObject</Filter>
    </ClCompile>
    <ClCompile Include="src\GameObject\Sprite3D.cpp">
      <Filter>TrainingFramework\src\GameObject</Filter>
    </ClCompile>
    <ClCompile Include="src\GameObject\Model.cpp">
      <Filter>TrainingFramework\src\GameObject</Filter>
    </ClCompile>
    <ClCompile Include="src\GameObject\Shader.cpp">
      <Filter>TrainingFramework\src\GameObject</Filter>
    </ClCompile>
    <ClCompile Include="src\GameObject\Texture.cpp">
      <Filter>TrainingFramework\src\GameObject</Filter>
    </ClCompile>
    <ClCompile Include="src\GameObject\Text.cpp">
      <Filter>TrainingFramework\src\GameObject</Filter>
    </ClCompile>
    <ClCompile Include="src\GameObject\Font.cpp">
      <Filter>TrainingFramework\src\GameObject</Filter>
    </ClCompile>
    <ClCompile Include="src\GameManager\ResourceManagers.cpp">
      <Filter>TrainingFramework\src\GameManager</Filter>
    </ClCompile>
    <ClCompile Include="src\GameObject\GameButton.cpp">
      <Filter>TrainingFramework\src\GameObject</Filter>
    </ClCompile>
    <ClCompile Include="src\GameObject\SpriteAnimation.cpp">
      <Filter>TrainingFramework\src\GameObject</Filter>
    </ClCompile>
    <ClCompile Include="src\World\Player\attribute.cpp">
      <Filter>TrainingFramework\src\World</Filter>
    </ClCompile>
    <ClCompile Include="src\World\TopdownWorld.cpp">
      <Filter>TrainingFramework\src\World</Filter>
    </ClCompile>
    <ClCompile Include="src\GameScenes\Canvas.cpp">
      <Filter>TrainingFramework\src\GameScenes</Filter>
    </ClCompile>
    <ClCompile Include="src\GameScenes\InputEvent.cpp">
      <Filter>TrainingFramework\src\GameScenes</Filter>
    </ClCompile>
    <ClCompile Include="src\GameScenes\Scene.cpp">
      <Filter>TrainingFramework\src\GameScenes</Filter>
    </ClCompile>
    <ClCompile Include="src\GameScenes\SceneDirector.cpp">
      <Filter>TrainingFramework\src\GameScenes</Filter>
    </ClCompile>
    <ClCompile Include="src\GameScenes\SceneIntro.cpp">
      <Filter>TrainingFramework\src\GameScenes</Filter>
    </ClCompile>
    <ClCompile Include="src\World\SolidObject.cpp">
      <Filter>TrainingFramework\src\World</Filter>
    </ClCompile>
    <ClCompile Include="src\World\Maze\Cell.cpp">
      <Filter>TrainingFramework\src\World\Maze</Filter>
    </ClCompile>
    <ClCompile Include="src\World\Player\Unit.cpp">
      <Filter>TrainingFramework\src\World\Player</Filter>
    </ClCompile>
    <ClCompile Include="src\World\Maze\MazeLayout.cpp">
      <Filter>TrainingFramework\src\World\Maze</Filter>
    </ClCompile>
    <ClCompile Include="src\World\Maze\Maze.cpp">
      <Filter>TrainingFramework\src\World\Maze</Filter>
    </ClCompile>
    <ClCompile Include="src\World\Maze\MazeLayoutGenerator.cpp">
      <Filter>TrainingFramework\src\World\Maze</Filter>
    </ClCompile>
  </ItemGroup>
  <ItemGroup>
    <ClInclude Include="src\Application.h">
      <Filter>TrainingFramework\src</Filter>
    </ClInclude>
    <ClInclude Include="src\GameConfig.h">
      <Filter>TrainingFramework\src</Filter>
    </ClInclude>
    <ClInclude Include="src\GameManager\Singleton.h">
      <Filter>TrainingFramework\src\GameManager</Filter>
    </ClInclude>
    <ClInclude Include="src\GameObject\BaseObject.h">
      <Filter>TrainingFramework\src\GameObject</Filter>
    </ClInclude>
    <ClInclude Include="src\GameObject\Sprite2D.h">
      <Filter>TrainingFramework\src\GameObject</Filter>
    </ClInclude>
    <ClInclude Include="src\GameObject\Camera.h">
      <Filter>TrainingFramework\src\GameObject</Filter>
    </ClInclude>
    <ClInclude Include="src\GameObject\Sprite3D.h">
      <Filter>TrainingFramework\src\GameObject</Filter>
    </ClInclude>
    <ClInclude Include="src\GameObject\Model.h">
      <Filter>TrainingFramework\src\GameObject</Filter>
    </ClInclude>
    <ClInclude Include="src\GameObject\Shader.h">
      <Filter>TrainingFramework\src\GameObject</Filter>
    </ClInclude>
    <ClInclude Include="src\GameObject\Texture.h">
      <Filter>TrainingFramework\src\GameObject</Filter>
    </ClInclude>
    <ClInclude Include="src\GameObject\Text.h">
      <Filter>TrainingFramework\src\GameObject</Filter>
    </ClInclude>
    <ClInclude Include="src\GameObject\Font.h">
      <Filter>TrainingFramework\src\GameObject</Filter>
    </ClInclude>
    <ClInclude Include="src\GameManager\ResourceManagers.h">
      <Filter>TrainingFramework\src\GameManager</Filter>
    </ClInclude>
    <ClInclude Include="src\GameObject\GameButton.h">
      <Filter>TrainingFramework\src\GameObject</Filter>
    </ClInclude>
    <ClInclude Include="src\GameObject\SpriteAnimation.h">
      <Filter>TrainingFramework\src\GameObject</Filter>
    </ClInclude>
    <ClInclude Include="src\World\TopdownWorld.hpp">
      <Filter>TrainingFramework\src\World</Filter>
    </ClInclude>
    <ClInclude Include="src\World\Player\attribute.hpp">
      <Filter>TrainingFramework\src\World</Filter>
    </ClInclude>
    <ClInclude Include="src\World\SolidObject.hpp">
      <Filter>TrainingFramework\src\World</Filter>
    </ClInclude>
    <ClInclude Include="src\GameScenes\Canvas.hpp">
      <Filter>TrainingFramework\src\GameScenes</Filter>
    </ClInclude>
    <ClInclude Include="src\GameScenes\InputEvent.hpp">
      <Filter>TrainingFramework\src\GameScenes</Filter>
    </ClInclude>
    <ClInclude Include="src\GameScenes\Music.hpp">
      <Filter>TrainingFramework\src\GameScenes</Filter>
    </ClInclude>
    <ClInclude Include="src\GameScenes\Scene.h">
      <Filter>TrainingFramework\src\GameScenes</Filter>
    </ClInclude>
    <ClInclude Include="src\GameScenes\SceneDirector.h">
      <Filter>TrainingFramework\src\GameScenes</Filter>
    </ClInclude>
    <ClInclude Include="src\GameScenes\SceneIntro.h">
      <Filter>TrainingFramework\src\GameScenes</Filter>
    </ClInclude>
    <ClInclude Include="src\World\Maze\Cell.h">
      <Filter>TrainingFramework\src\World\Maze</Filter>
    </ClInclude>
    <ClInclude Include="src\World\Player\Unit.hpp">
      <Filter>TrainingFramework\src\World\Player</Filter>
    </ClInclude>
    <ClInclude Include="src\World\Maze\Maze.hpp">
      <Filter>TrainingFramework\src\World\Maze</Filter>
    </ClInclude>
    <ClInclude Include="src\World\Maze\MazeLayout.hpp">
      <Filter>TrainingFramework\src\World\Maze</Filter>
    </ClInclude>
    <ClInclude Include="MazeLayoutGenerator.h">
      <Filter>TrainingFramework\src\World\Maze</Filter>
    </ClInclude>
  </ItemGroup>
</Project>